	<Project xmlns="http://schemas.microsoft.com/developer/msbuild/2003">
		<PropertyGroup>
			<ProjectGuid>{6F25A2A5-ACFB-4D6F-9FA6-12DF958A7689}</ProjectGuid>
			<MainSource>boInstall.dpr</MainSource>
			<Config Condition="'$(Config)'==''">Release</Config>
			<DCC_DCCCompiler>DCC32</DCC_DCCCompiler>
			<ProjectVersion>12.0</ProjectVersion>
		</PropertyGroup>
		<PropertyGroup Condition="'$(Config)'=='Base' or '$(Base)'!=''">
			<Base>true</Base>
		</PropertyGroup>
		<PropertyGroup Condition="'$(Config)'=='Release' or '$(Cfg_1)'!=''">
			<Cfg_1>true</Cfg_1>
			<CfgParent>Base</CfgParent>
			<Base>true</Base>
		</PropertyGroup>
		<PropertyGroup Condition="'$(Config)'=='Debug' or '$(Cfg_2)'!=''">
			<Cfg_2>true</Cfg_2>
			<CfgParent>Base</CfgParent>
			<Base>true</Base>
		</PropertyGroup>
		<PropertyGroup Condition="'$(Config)'=='RemoteDebug' or '$(Cfg_3)'!=''">
			<Cfg_3>true</Cfg_3>
			<CfgParent>Cfg_2</CfgParent>
			<Cfg_2>true</Cfg_2>
			<Base>true</Base>
		</PropertyGroup>
		<PropertyGroup Condition="'$(Base)'!=''">
			<DCC_ImageBase>00400000</DCC_ImageBase>
			<DCC_DependencyCheckOutputName>U:\atalho_sesop\intranet\Instalação do BrOffice na STRE\Auto\boInstall.exe</DCC_DependencyCheckOutputName>
			<DCC_UsePackage>vcl;rtl;vclx;indy;inet;xmlrtl;vclie;inetdbbde;inetdbxpress;dbrtl;dsnap;dsnapcon;vcldb;soaprtl;VclSmp;dbexpress;dbxcds;inetdb;bdertl;vcldbx;webdsnap;websnap;adortl;ibxpress;teeui;teedb;tee;dss;visualclx;visualdbclx;vclactnband;vclshlctrls;IntrawebDB_50_70;Intraweb_50_70;Rave50CLX;Rave50VCL;dclOfficeXP;Jcl;JclVcl;JvCoreD7R;JvSystemD7R;JvStdCtrlsD7R;JvAppFrmD7R;JvBandsD7R;JvDBD7R;JvDlgsD7R;JvBDED7R;JvCmpD7R;JvCryptD7R;JvCtrlsD7R;JvCustomD7R;JvDockingD7R;JvDotNetCtrlsD7R;JvEDID7R;JvGlobusD7R;JvHMID7R;JvInterpreterD7R;JvJansD7R;JvManagedThreadsD7R;JvMMD7R;JvNetD7R;JvPageCompsD7R;JvPluginD7R;JvPrintPreviewD7R;JvRuntimeDesignD7R;JvTimeFrameworkD7R;JvValidatorsD7R;JvWizardD7R;JvXPCtrlsD7R;XPLib;OPLib;GDBLib;DBXLib;BDELib;DBOLib;zip;FXLib;GeneralLib;qrpt;StFLib;INetLib;ShellLib;WinSysLib;WinNetLib;ECLib;DlgLib;BizLib;AtualCorp;SIAFLib;TRELib</DCC_UsePackage>
			<DCC_MapFile>3</DCC_MapFile>
			<DCC_ExeOutput>U:\atalho_sesop\intranet\Instalação do BrOffice na STRE\Auto</DCC_ExeOutput>
			<DCC_UnitAlias>WinTypes=Windows;WinProcs=Windows;DbiTypes=BDE;DbiProcs=BDE;DbiErrs=BDE;WinTypes=Windows;WinProcs=Windows;$(DCC_UnitAlias)</DCC_UnitAlias>
			<DCC_RemoteDebug>true</DCC_RemoteDebug>
			<DCC_LocalDebugSymbols>false</DCC_LocalDebugSymbols>
			<DCC_Platform>x86</DCC_Platform>
			<DCC_GenerateStackFrames>true</DCC_GenerateStackFrames>
			<DCC_K>false</DCC_K>
			<DCC_F>false</DCC_F>
			<DCC_S>false</DCC_S>
			<DCC_N>true</DCC_N>
			<DCC_E>false</DCC_E>
			<DCC_SymbolReferenceInfo>0</DCC_SymbolReferenceInfo>
			<DCC_DebugInformation>false</DCC_DebugInformation>
			<DCC_AssertionsAtRuntime>false</DCC_AssertionsAtRuntime>
			<DCC_DcuOutput>..\Debug</DCC_DcuOutput>
		</PropertyGroup>
		<PropertyGroup Condition="'$(Cfg_1)'!=''">
			<DCC_ExeOutput>..\Release\</DCC_ExeOutput>
			<DCC_RemoteDebug>false</DCC_RemoteDebug>
			<DCC_DependencyCheckOutputName>..\Release\boInstall.exe</DCC_DependencyCheckOutputName>
			<DCC_GenerateStackFrames>false</DCC_GenerateStackFrames>
			<DCC_MapFile>0</DCC_MapFile>
			<DCC_Define>RELEASE;$(DCC_Define)</DCC_Define>
		</PropertyGroup>
		<PropertyGroup Condition="'$(Cfg_2)'!=''">
			<DCC_Define>DEBUG;$(DCC_Define)</DCC_Define>
		</PropertyGroup>
		<PropertyGroup Condition="'$(Cfg_3)'!=''">
			<DCC_Define>DEBUG_ALL;$(DCC_Define)</DCC_Define>
			<DCC_ExeOutput>\\teste-tre\swap</DCC_ExeOutput>
			<DCC_LocalDebugSymbols>true</DCC_LocalDebugSymbols>
			<DCC_DebugInfoInExe>true</DCC_DebugInfoInExe>
			<DCC_DependencyCheckOutputName>\\teste-tre\swap\boInstall.exe</DCC_DependencyCheckOutputName>
		</PropertyGroup>
		<ItemGroup>
			<DelphiCompile Include="boInstall.dpr">
				<MainSource>MainSource</MainSource>
			</DelphiCompile>
			<DCCReference Include="boInstMainForm.pas">
				<Form>Form1</Form>
			</DCCReference>
			<DCCReference Include="boInstUtils.pas"/>
			<DCCReference Include="boInstStation.pas"/>
			<DCCReference Include="boinstConfig.pas"/>
			<DCCReference Include="boinstDataModule.pas">
				<Form>MainDM</Form>
				<DesignClass>TDataModule</DesignClass>
			</DCCReference>
			<BuildConfiguration Include="Base">
				<Key>Base</Key>
			</BuildConfiguration>
			<BuildConfiguration Include="RemoteDebug">
				<Key>Cfg_3</Key>
				<CfgParent>Cfg_2</CfgParent>
			</BuildConfiguration>
			<BuildConfiguration Include="Debug">
				<Key>Cfg_2</Key>
				<CfgParent>Base</CfgParent>
			</BuildConfiguration>
			<BuildConfiguration Include="Release">
				<Key>Cfg_1</Key>
				<CfgParent>Base</CfgParent>
			</BuildConfiguration>
		</ItemGroup>
		<Import Project="$(BDS)\Bin\CodeGear.Delphi.Targets" Condition="Exists('$(BDS)\Bin\CodeGear.Delphi.Targets')"/>
		<ProjectExtensions>
			<Borland.Personality>Delphi.Personality.12</Borland.Personality>
			<Borland.ProjectType>VCLApplication</Borland.ProjectType>
			<BorlandProject>
				<Delphi.Personality>
					<Source>
						<Source Name="MainSource">boInstall.dpr</Source>
					</Source>
					<Parameters>
						<Parameters Name="UseLauncher">False</Parameters>
						<Parameters Name="LoadAllSymbols">True</Parameters>
						<Parameters Name="LoadUnspecifiedSymbols">False</Parameters>
					</Parameters>
					<VersionInfo>
						<VersionInfo Name="IncludeVerInfo">True</VersionInfo>
						<VersionInfo Name="AutoIncBuild">False</VersionInfo>
						<VersionInfo Name="MajorVer">1</VersionInfo>
						<VersionInfo Name="MinorVer">0</VersionInfo>
						<VersionInfo Name="Release">0</VersionInfo>
						<VersionInfo Name="Build">12</VersionInfo>
						<VersionInfo Name="Debug">False</VersionInfo>
						<VersionInfo Name="PreRelease">False</VersionInfo>
						<VersionInfo Name="Special">False</VersionInfo>
						<VersionInfo Name="Private">False</VersionInfo>
						<VersionInfo Name="DLL">False</VersionInfo>
						<VersionInfo Name="Locale">1046</VersionInfo>
						<VersionInfo Name="CodePage">1252</VersionInfo>
					</VersionInfo>
					<VersionInfoKeys>
						<VersionInfoKeys Name="CompanyName">TRE-PB</VersionInfoKeys>
						<VersionInfoKeys Name="FileDescription">Instalador automatizado BrOffice</VersionInfoKeys>
						<VersionInfoKeys Name="FileVersion">1.0.0.12</VersionInfoKeys>
						<VersionInfoKeys Name="InternalName"/>
						<VersionInfoKeys Name="LegalCopyright"/>
						<VersionInfoKeys Name="LegalTrademarks"/>
						<VersionInfoKeys Name="OriginalFilename"/>
						<VersionInfoKeys Name="ProductName"/>
						<VersionInfoKeys Name="ProductVersion">1.0.0.10</VersionInfoKeys>
						<VersionInfoKeys Name="Comments">Rogerlais Andrade</VersionInfoKeys>
					</VersionInfoKeys>
				</Delphi.Personality>
			</BorlandProject>
			<ProjectFileVersion>12</ProjectFileVersion>
		</ProjectExtensions>
	</Project>
